
Microsoft Visual Studio Solution File, Format Version 12.00
# Visual Studio Version 17
VisualStudioVersion = 17.11.35219.272
MinimumVisualStudioVersion = 10.0.40219.1
Project("{8BC9CEB8-8B4A-11D0-8D11-00A0C91BC942}") = "Homework_01.09.24", "Homework_01.09.24.vcxproj", "{23C5EB1D-D722-4A9D-98C8-C12A781B63AF}"
EndProject
Global
	GlobalSection(SolutionConfigurationPlatforms) = preSolution
		Debug|x64 = Debug|x64
		Debug|x86 = Debug|x86
		Release|x64 = Release|x64
		Release|x86 = Release|x86
	EndGlobalSection
	GlobalSection(ProjectConfigurationPlatforms) = postSolution
		{23C5EB1D-D722-4A9D-98C8-C12A781B63AF}.Debug|x64.ActiveCfg = Debug|x64
		{23C5EB1D-D722-4A9D-98C8-C12A781B63AF}.Debug|x64.Build.0 = Debug|x64
		{23C5EB1D-D722-4A9D-98C8-C12A781B63AF}.Debug|x86.ActiveCfg = Debug|Win32
		{23C5EB1D-D722-4A9D-98C8-C12A781B63AF}.Debug|x86.Build.0 = Debug|Win32
		{23C5EB1D-D722-4A9D-98C8-C12A781B63AF}.Release|x64.ActiveCfg = Release|x64
		{23C5EB1D-D722-4A9D-98C8-C12A781B63AF}.Release|x64.Build.0 = Release|x64
		{23C5EB1D-D722-4A9D-98C8-C12A781B63AF}.Release|x86.ActiveCfg = Release|Win32
		{23C5EB1D-D722-4A9D-98C8-C12A781B63AF}.Release|x86.Build.0 = Release|Win32
	EndGlobalSection
	GlobalSection(SolutionProperties) = preSolution
		HideSolutionNode = FALSE
	EndGlobalSection
	GlobalSection(ExtensibilityGlobals) = postSolution
		SolutionGuid = {D02E9CCF-B1F4-486E-9FDB-A9A28C45A5CC}
	EndGlobalSection
EndGlobal
